// !$*UTF8*$!
{
	archiveVersion = 1;
	classes = {
	};
	objectVersion = 51;
	objects = {

/* Begin PBXBuildFile section */
		71CB4959B3807C13EA5F2AAB /* Pods_LandmarkRemark_LandmarkRemarkUITests.framework in Frameworks */ = {isa = PBXBuildFile; fileRef = 669CC9508536AE13923B769A /* Pods_LandmarkRemark_LandmarkRemarkUITests.framework */; };
		8280350E76A30586464B6119 /* Pods_LandmarkRemark.framework in Frameworks */ = {isa = PBXBuildFile; fileRef = 92808EEA82107C9C799F052C /* Pods_LandmarkRemark.framework */; };
		93B8727D1D73EB339541449B /* Pods_LandmarkRemarkTests.framework in Frameworks */ = {isa = PBXBuildFile; fileRef = C52B47D551CAE873FC773ADA /* Pods_LandmarkRemarkTests.framework */; };
		B28E9FAC2394ECD500D21AD5 /* Utilities+Firestore.swift in Sources */ = {isa = PBXBuildFile; fileRef = B28E9FAB2394ECD500D21AD5 /* Utilities+Firestore.swift */; };
		B2A9643923928CE600326AA3 /* AppDelegate.swift in Sources */ = {isa = PBXBuildFile; fileRef = B2A9643823928CE600326AA3 /* AppDelegate.swift */; };
		B2A9644023928CE700326AA3 /* Assets.xcassets in Resources */ = {isa = PBXBuildFile; fileRef = B2A9643F23928CE700326AA3 /* Assets.xcassets */; };
		B2A9644323928CE700326AA3 /* LaunchScreen.storyboard in Resources */ = {isa = PBXBuildFile; fileRef = B2A9644123928CE700326AA3 /* LaunchScreen.storyboard */; };
		B2A9644E23928CE700326AA3 /* LandmarkRemarkTests.swift in Sources */ = {isa = PBXBuildFile; fileRef = B2A9644D23928CE700326AA3 /* LandmarkRemarkTests.swift */; };
		B2A9645923928CE700326AA3 /* LandmarkRemarkUITests.swift in Sources */ = {isa = PBXBuildFile; fileRef = B2A9645823928CE700326AA3 /* LandmarkRemarkUITests.swift */; };
		B2A964672392977200326AA3 /* GoogleService-Info.plist in Resources */ = {isa = PBXBuildFile; fileRef = B2A964662392977100326AA3 /* GoogleService-Info.plist */; };
		B2E23B032392B4B30099628A /* LandingScreenVC.xib in Resources */ = {isa = PBXBuildFile; fileRef = B2E23AFD2392B4B00099628A /* LandingScreenVC.xib */; };
		B2E23B042392B4B30099628A /* LandingScreenVC.swift in Sources */ = {isa = PBXBuildFile; fileRef = B2E23AFE2392B4B10099628A /* LandingScreenVC.swift */; };
		B2E23B072392B4B30099628A /* SignUpVC.xib in Resources */ = {isa = PBXBuildFile; fileRef = B2E23B012392B4B20099628A /* SignUpVC.xib */; };
		B2E23B082392B4B30099628A /* SignUpVC.swift in Sources */ = {isa = PBXBuildFile; fileRef = B2E23B022392B4B30099628A /* SignUpVC.swift */; };
		B2E23B0F2392B6300099628A /* UIImageExtension.swift in Sources */ = {isa = PBXBuildFile; fileRef = B2E23B0A2392B62E0099628A /* UIImageExtension.swift */; };
		B2E23B122392B6300099628A /* UIViewControllerExtension.swift in Sources */ = {isa = PBXBuildFile; fileRef = B2E23B0D2392B6300099628A /* UIViewControllerExtension.swift */; };
		B2E94A4E2392BCE40000B1E3 /* Utilities.swift in Sources */ = {isa = PBXBuildFile; fileRef = B2E94A4C2392BCE30000B1E3 /* Utilities.swift */; };
		B2E94A4F2392BCE40000B1E3 /* Constants.swift in Sources */ = {isa = PBXBuildFile; fileRef = B2E94A4D2392BCE30000B1E3 /* Constants.swift */; };
		B2E94A5123934D070000B1E3 /* Style.swift in Sources */ = {isa = PBXBuildFile; fileRef = B2E94A5023934D060000B1E3 /* Style.swift */; };
		B2E94A5323934FE60000B1E3 /* Style+LandmarkRemark.swift in Sources */ = {isa = PBXBuildFile; fileRef = B2E94A5223934FE60000B1E3 /* Style+LandmarkRemark.swift */; };
		B2E94A5523936D610000B1E3 /* LandingScreenViewModel.swift in Sources */ = {isa = PBXBuildFile; fileRef = B2E94A5423936D610000B1E3 /* LandingScreenViewModel.swift */; };
		B2E94A5723939E0B0000B1E3 /* SignUpViewModel.swift in Sources */ = {isa = PBXBuildFile; fileRef = B2E94A5623939E0B0000B1E3 /* SignUpViewModel.swift */; };
		B2E94A5A2393A6A50000B1E3 /* LoginVC.xib in Resources */ = {isa = PBXBuildFile; fileRef = B2E94A582393A6A40000B1E3 /* LoginVC.xib */; };
		B2E94A5B2393A6A50000B1E3 /* LoginVC.swift in Sources */ = {isa = PBXBuildFile; fileRef = B2E94A592393A6A50000B1E3 /* LoginVC.swift */; };
		B2E94A5D2393A7800000B1E3 /* LoginViewModel.swift in Sources */ = {isa = PBXBuildFile; fileRef = B2E94A5C2393A7800000B1E3 /* LoginViewModel.swift */; };
/* End PBXBuildFile section */

/* Begin PBXContainerItemProxy section */
		B2A9644A23928CE700326AA3 /* PBXContainerItemProxy */ = {
			isa = PBXContainerItemProxy;
			containerPortal = B2A9642D23928CE600326AA3 /* Project object */;
			proxyType = 1;
			remoteGlobalIDString = B2A9643423928CE600326AA3;
			remoteInfo = LandmarkRemark;
		};
		B2A9645523928CE700326AA3 /* PBXContainerItemProxy */ = {
			isa = PBXContainerItemProxy;
			containerPortal = B2A9642D23928CE600326AA3 /* Project object */;
			proxyType = 1;
			remoteGlobalIDString = B2A9643423928CE600326AA3;
			remoteInfo = LandmarkRemark;
		};
/* End PBXContainerItemProxy section */

/* Begin PBXFileReference section */
		6287570C1B08A2F68DFC9F7E /* Pods-LandmarkRemark.release.xcconfig */ = {isa = PBXFileReference; includeInIndex = 1; lastKnownFileType = text.xcconfig; name = "Pods-LandmarkRemark.release.xcconfig"; path = "Target Support Files/Pods-LandmarkRemark/Pods-LandmarkRemark.release.xcconfig"; sourceTree = "<group>"; };
		669CC9508536AE13923B769A /* Pods_LandmarkRemark_LandmarkRemarkUITests.framework */ = {isa = PBXFileReference; explicitFileType = wrapper.framework; includeInIndex = 0; path = Pods_LandmarkRemark_LandmarkRemarkUITests.framework; sourceTree = BUILT_PRODUCTS_DIR; };
		7B2E70317C65359E58D6AFAD /* Pods-LandmarkRemark-LandmarkRemarkUITests.release.xcconfig */ = {isa = PBXFileReference; includeInIndex = 1; lastKnownFileType = text.xcconfig; name = "Pods-LandmarkRemark-LandmarkRemarkUITests.release.xcconfig"; path = "Target Support Files/Pods-LandmarkRemark-LandmarkRemarkUITests/Pods-LandmarkRemark-LandmarkRemarkUITests.release.xcconfig"; sourceTree = "<group>"; };
		8BE045918C3366176044153D /* Pods-LandmarkRemarkTests.debug.xcconfig */ = {isa = PBXFileReference; includeInIndex = 1; lastKnownFileType = text.xcconfig; name = "Pods-LandmarkRemarkTests.debug.xcconfig"; path = "Target Support Files/Pods-LandmarkRemarkTests/Pods-LandmarkRemarkTests.debug.xcconfig"; sourceTree = "<group>"; };
		92808EEA82107C9C799F052C /* Pods_LandmarkRemark.framework */ = {isa = PBXFileReference; explicitFileType = wrapper.framework; includeInIndex = 0; path = Pods_LandmarkRemark.framework; sourceTree = BUILT_PRODUCTS_DIR; };
		97D27FFB637B87FCD11915E8 /* Pods-LandmarkRemarkTests.release.xcconfig */ = {isa = PBXFileReference; includeInIndex = 1; lastKnownFileType = text.xcconfig; name = "Pods-LandmarkRemarkTests.release.xcconfig"; path = "Target Support Files/Pods-LandmarkRemarkTests/Pods-LandmarkRemarkTests.release.xcconfig"; sourceTree = "<group>"; };
		B28E9FAB2394ECD500D21AD5 /* Utilities+Firestore.swift */ = {isa = PBXFileReference; lastKnownFileType = sourcecode.swift; path = "Utilities+Firestore.swift"; sourceTree = "<group>"; };
		B2A9643523928CE600326AA3 /* LandmarkRemark.app */ = {isa = PBXFileReference; explicitFileType = wrapper.application; includeInIndex = 0; path = LandmarkRemark.app; sourceTree = BUILT_PRODUCTS_DIR; };
		B2A9643823928CE600326AA3 /* AppDelegate.swift */ = {isa = PBXFileReference; lastKnownFileType = sourcecode.swift; path = AppDelegate.swift; sourceTree = "<group>"; };
		B2A9643F23928CE700326AA3 /* Assets.xcassets */ = {isa = PBXFileReference; lastKnownFileType = folder.assetcatalog; path = Assets.xcassets; sourceTree = "<group>"; };
		B2A9644223928CE700326AA3 /* Base */ = {isa = PBXFileReference; lastKnownFileType = file.storyboard; name = Base; path = Base.lproj/LaunchScreen.storyboard; sourceTree = "<group>"; };
		B2A9644423928CE700326AA3 /* Info.plist */ = {isa = PBXFileReference; lastKnownFileType = text.plist.xml; path = Info.plist; sourceTree = "<group>"; };
		B2A9644923928CE700326AA3 /* LandmarkRemarkTests.xctest */ = {isa = PBXFileReference; explicitFileType = wrapper.cfbundle; includeInIndex = 0; path = LandmarkRemarkTests.xctest; sourceTree = BUILT_PRODUCTS_DIR; };
		B2A9644D23928CE700326AA3 /* LandmarkRemarkTests.swift */ = {isa = PBXFileReference; lastKnownFileType = sourcecode.swift; path = LandmarkRemarkTests.swift; sourceTree = "<group>"; };
		B2A9644F23928CE700326AA3 /* Info.plist */ = {isa = PBXFileReference; lastKnownFileType = text.plist.xml; path = Info.plist; sourceTree = "<group>"; };
		B2A9645423928CE700326AA3 /* LandmarkRemarkUITests.xctest */ = {isa = PBXFileReference; explicitFileType = wrapper.cfbundle; includeInIndex = 0; path = LandmarkRemarkUITests.xctest; sourceTree = BUILT_PRODUCTS_DIR; };
		B2A9645823928CE700326AA3 /* LandmarkRemarkUITests.swift */ = {isa = PBXFileReference; lastKnownFileType = sourcecode.swift; path = LandmarkRemarkUITests.swift; sourceTree = "<group>"; };
		B2A9645A23928CE700326AA3 /* Info.plist */ = {isa = PBXFileReference; lastKnownFileType = text.plist.xml; path = Info.plist; sourceTree = "<group>"; };
		B2A964662392977100326AA3 /* GoogleService-Info.plist */ = {isa = PBXFileReference; fileEncoding = 4; lastKnownFileType = text.plist.xml; path = "GoogleService-Info.plist"; sourceTree = "<group>"; };
		B2E23AFD2392B4B00099628A /* LandingScreenVC.xib */ = {isa = PBXFileReference; fileEncoding = 4; lastKnownFileType = file.xib; path = LandingScreenVC.xib; sourceTree = "<group>"; };
		B2E23AFE2392B4B10099628A /* LandingScreenVC.swift */ = {isa = PBXFileReference; fileEncoding = 4; lastKnownFileType = sourcecode.swift; path = LandingScreenVC.swift; sourceTree = "<group>"; };
		B2E23B012392B4B20099628A /* SignUpVC.xib */ = {isa = PBXFileReference; fileEncoding = 4; lastKnownFileType = file.xib; path = SignUpVC.xib; sourceTree = "<group>"; };
		B2E23B022392B4B30099628A /* SignUpVC.swift */ = {isa = PBXFileReference; fileEncoding = 4; lastKnownFileType = sourcecode.swift; path = SignUpVC.swift; sourceTree = "<group>"; };
		B2E23B0A2392B62E0099628A /* UIImageExtension.swift */ = {isa = PBXFileReference; fileEncoding = 4; lastKnownFileType = sourcecode.swift; path = UIImageExtension.swift; sourceTree = "<group>"; };
		B2E23B0D2392B6300099628A /* UIViewControllerExtension.swift */ = {isa = PBXFileReference; fileEncoding = 4; lastKnownFileType = sourcecode.swift; path = UIViewControllerExtension.swift; sourceTree = "<group>"; };
		B2E94A4C2392BCE30000B1E3 /* Utilities.swift */ = {isa = PBXFileReference; fileEncoding = 4; lastKnownFileType = sourcecode.swift; path = Utilities.swift; sourceTree = "<group>"; };
		B2E94A4D2392BCE30000B1E3 /* Constants.swift */ = {isa = PBXFileReference; fileEncoding = 4; lastKnownFileType = sourcecode.swift; path = Constants.swift; sourceTree = "<group>"; };
		B2E94A5023934D060000B1E3 /* Style.swift */ = {isa = PBXFileReference; lastKnownFileType = sourcecode.swift; path = Style.swift; sourceTree = "<group>"; };
		B2E94A5223934FE60000B1E3 /* Style+LandmarkRemark.swift */ = {isa = PBXFileReference; lastKnownFileType = sourcecode.swift; path = "Style+LandmarkRemark.swift"; sourceTree = "<group>"; };
		B2E94A5423936D610000B1E3 /* LandingScreenViewModel.swift */ = {isa = PBXFileReference; lastKnownFileType = sourcecode.swift; path = LandingScreenViewModel.swift; sourceTree = "<group>"; };
		B2E94A5623939E0B0000B1E3 /* SignUpViewModel.swift */ = {isa = PBXFileReference; lastKnownFileType = sourcecode.swift; path = SignUpViewModel.swift; sourceTree = "<group>"; };
		B2E94A582393A6A40000B1E3 /* LoginVC.xib */ = {isa = PBXFileReference; fileEncoding = 4; lastKnownFileType = file.xib; path = LoginVC.xib; sourceTree = "<group>"; };
		B2E94A592393A6A50000B1E3 /* LoginVC.swift */ = {isa = PBXFileReference; fileEncoding = 4; lastKnownFileType = sourcecode.swift; path = LoginVC.swift; sourceTree = "<group>"; };
		B2E94A5C2393A7800000B1E3 /* LoginViewModel.swift */ = {isa = PBXFileReference; lastKnownFileType = sourcecode.swift; path = LoginViewModel.swift; sourceTree = "<group>"; };
		C52B47D551CAE873FC773ADA /* Pods_LandmarkRemarkTests.framework */ = {isa = PBXFileReference; explicitFileType = wrapper.framework; includeInIndex = 0; path = Pods_LandmarkRemarkTests.framework; sourceTree = BUILT_PRODUCTS_DIR; };
		F6D75DD28EC8656F766B5BDF /* Pods-LandmarkRemark.debug.xcconfig */ = {isa = PBXFileReference; includeInIndex = 1; lastKnownFileType = text.xcconfig; name = "Pods-LandmarkRemark.debug.xcconfig"; path = "Target Support Files/Pods-LandmarkRemark/Pods-LandmarkRemark.debug.xcconfig"; sourceTree = "<group>"; };
		F7E574334C71D3D8F6C9AEA0 /* Pods-LandmarkRemark-LandmarkRemarkUITests.debug.xcconfig */ = {isa = PBXFileReference; includeInIndex = 1; lastKnownFileType = text.xcconfig; name = "Pods-LandmarkRemark-LandmarkRemarkUITests.debug.xcconfig"; path = "Target Support Files/Pods-LandmarkRemark-LandmarkRemarkUITests/Pods-LandmarkRemark-LandmarkRemarkUITests.debug.xcconfig"; sourceTree = "<group>"; };
/* End PBXFileReference section */

/* Begin PBXFrameworksBuildPhase section */
		B2A9643223928CE600326AA3 /* Frameworks */ = {
			isa = PBXFrameworksBuildPhase;
			buildActionMask = 2147483647;
			files = (
				8280350E76A30586464B6119 /* Pods_LandmarkRemark.framework in Frameworks */,
			);
			runOnlyForDeploymentPostprocessing = 0;
		};
		B2A9644623928CE700326AA3 /* Frameworks */ = {
			isa = PBXFrameworksBuildPhase;
			buildActionMask = 2147483647;
			files = (
				93B8727D1D73EB339541449B /* Pods_LandmarkRemarkTests.framework in Frameworks */,
			);
			runOnlyForDeploymentPostprocessing = 0;
		};
		B2A9645123928CE700326AA3 /* Frameworks */ = {
			isa = PBXFrameworksBuildPhase;
			buildActionMask = 2147483647;
			files = (
				71CB4959B3807C13EA5F2AAB /* Pods_LandmarkRemark_LandmarkRemarkUITests.framework in Frameworks */,
			);
			runOnlyForDeploymentPostprocessing = 0;
		};
/* End PBXFrameworksBuildPhase section */

/* Begin PBXGroup section */
		AC316BD97AC4C547F7B5F06B /* Frameworks */ = {
			isa = PBXGroup;
			children = (
				92808EEA82107C9C799F052C /* Pods_LandmarkRemark.framework */,
				669CC9508536AE13923B769A /* Pods_LandmarkRemark_LandmarkRemarkUITests.framework */,
				C52B47D551CAE873FC773ADA /* Pods_LandmarkRemarkTests.framework */,
			);
			name = Frameworks;
			sourceTree = "<group>";
		};
		B2A9642C23928CE600326AA3 = {
			isa = PBXGroup;
			children = (
				B2A9643723928CE600326AA3 /* LandmarkRemark */,
				B2A9644C23928CE700326AA3 /* LandmarkRemarkTests */,
				B2A9645723928CE700326AA3 /* LandmarkRemarkUITests */,
				B2A9643623928CE600326AA3 /* Products */,
				E8B31F4B1FD1BD76C4804275 /* Pods */,
				AC316BD97AC4C547F7B5F06B /* Frameworks */,
			);
			sourceTree = "<group>";
		};
		B2A9643623928CE600326AA3 /* Products */ = {
			isa = PBXGroup;
			children = (
				B2A9643523928CE600326AA3 /* LandmarkRemark.app */,
				B2A9644923928CE700326AA3 /* LandmarkRemarkTests.xctest */,
				B2A9645423928CE700326AA3 /* LandmarkRemarkUITests.xctest */,
			);
			name = Products;
			sourceTree = "<group>";
		};
		B2A9643723928CE600326AA3 /* LandmarkRemark */ = {
			isa = PBXGroup;
			children = (
				B2A9643823928CE600326AA3 /* AppDelegate.swift */,
				B2E23AF92392AAB90099628A /* Helpers */,
				B2E23AFA2392AAB90099628A /* Model */,
				B2E23AFC2392AAB90099628A /* View */,
				B2E23AFB2392AAB90099628A /* ViewModels */,
				B2A9643F23928CE700326AA3 /* Assets.xcassets */,
				B2A9644123928CE700326AA3 /* LaunchScreen.storyboard */,
				B2A964662392977100326AA3 /* GoogleService-Info.plist */,
				B2A9644423928CE700326AA3 /* Info.plist */,
			);
			path = LandmarkRemark;
			sourceTree = "<group>";
		};
		B2A9644C23928CE700326AA3 /* LandmarkRemarkTests */ = {
			isa = PBXGroup;
			children = (
				B2A9644D23928CE700326AA3 /* LandmarkRemarkTests.swift */,
				B2A9644F23928CE700326AA3 /* Info.plist */,
			);
			path = LandmarkRemarkTests;
			sourceTree = "<group>";
		};
		B2A9645723928CE700326AA3 /* LandmarkRemarkUITests */ = {
			isa = PBXGroup;
			children = (
				B2A9645823928CE700326AA3 /* LandmarkRemarkUITests.swift */,
				B2A9645A23928CE700326AA3 /* Info.plist */,
			);
			path = LandmarkRemarkUITests;
			sourceTree = "<group>";
		};
		B2E23AF92392AAB90099628A /* Helpers */ = {
			isa = PBXGroup;
			children = (
				B2E94A4D2392BCE30000B1E3 /* Constants.swift */,
				B2E94A5023934D060000B1E3 /* Style.swift */,
				B2E94A5223934FE60000B1E3 /* Style+LandmarkRemark.swift */,
				B2E94A4C2392BCE30000B1E3 /* Utilities.swift */,
				B28E9FAB2394ECD500D21AD5 /* Utilities+Firestore.swift */,
				B2E23B0A2392B62E0099628A /* UIImageExtension.swift */,
				B2E23B0D2392B6300099628A /* UIViewControllerExtension.swift */,
			);
			name = Helpers;
			path = Base.lproj/Helpers;
			sourceTree = "<group>";
		};
		B2E23AFA2392AAB90099628A /* Model */ = {
			isa = PBXGroup;
			children = (
			);
			name = Model;
			path = Base.lproj/Model;
			sourceTree = "<group>";
		};
		B2E23AFB2392AAB90099628A /* ViewModels */ = {
			isa = PBXGroup;
			children = (
				B2E94A5423936D610000B1E3 /* LandingScreenViewModel.swift */,
				B2E94A5623939E0B0000B1E3 /* SignUpViewModel.swift */,
				B2E94A5C2393A7800000B1E3 /* LoginViewModel.swift */,
			);
			name = ViewModels;
			path = Base.lproj/ViewModels;
			sourceTree = "<group>";
		};
		B2E23AFC2392AAB90099628A /* View */ = {
			isa = PBXGroup;
			children = (
				B2E23AFE2392B4B10099628A /* LandingScreenVC.swift */,
				B2E23AFD2392B4B00099628A /* LandingScreenVC.xib */,
				B2E23B022392B4B30099628A /* SignUpVC.swift */,
				B2E23B012392B4B20099628A /* SignUpVC.xib */,
				B2E94A592393A6A50000B1E3 /* LoginVC.swift */,
				B2E94A582393A6A40000B1E3 /* LoginVC.xib */,
			);
			name = View;
			path = Base.lproj/View;
			sourceTree = "<group>";
		};
		E8B31F4B1FD1BD76C4804275 /* Pods */ = {
			isa = PBXGroup;
			children = (
				F6D75DD28EC8656F766B5BDF /* Pods-LandmarkRemark.debug.xcconfig */,
				6287570C1B08A2F68DFC9F7E /* Pods-LandmarkRemark.release.xcconfig */,
				F7E574334C71D3D8F6C9AEA0 /* Pods-LandmarkRemark-LandmarkRemarkUITests.debug.xcconfig */,
				7B2E70317C65359E58D6AFAD /* Pods-LandmarkRemark-LandmarkRemarkUITests.release.xcconfig */,
				8BE045918C3366176044153D /* Pods-LandmarkRemarkTests.debug.xcconfig */,
				97D27FFB637B87FCD11915E8 /* Pods-LandmarkRemarkTests.release.xcconfig */,
			);
			path = Pods;
			sourceTree = "<group>";
		};
/* End PBXGroup section */

/* Begin PBXNativeTarget section */
		B2A9643423928CE600326AA3 /* LandmarkRemark */ = {
			isa = PBXNativeTarget;
			buildConfigurationList = B2A9645D23928CE700326AA3 /* Build configuration list for PBXNativeTarget "LandmarkRemark" */;
			buildPhases = (
				9A231EE8D4969E1EE6FCBA1C /* [CP] Check Pods Manifest.lock */,
				B2A9643123928CE600326AA3 /* Sources */,
				B2A9643223928CE600326AA3 /* Frameworks */,
				B2A9643323928CE600326AA3 /* Resources */,
				98F844B340ABDFF0A146BAAE /* [CP] Embed Pods Frameworks */,
			);
			buildRules = (
			);
			dependencies = (
			);
			name = LandmarkRemark;
			productName = LandmarkRemark;
			productReference = B2A9643523928CE600326AA3 /* LandmarkRemark.app */;
			productType = "com.apple.product-type.application";
		};
		B2A9644823928CE700326AA3 /* LandmarkRemarkTests */ = {
			isa = PBXNativeTarget;
			buildConfigurationList = B2A9646023928CE700326AA3 /* Build configuration list for PBXNativeTarget "LandmarkRemarkTests" */;
			buildPhases = (
				2FE4D12A813A1DC1AC38977F /* [CP] Check Pods Manifest.lock */,
				B2A9644523928CE700326AA3 /* Sources */,
				B2A9644623928CE700326AA3 /* Frameworks */,
				B2A9644723928CE700326AA3 /* Resources */,
			);
			buildRules = (
			);
			dependencies = (
				B2A9644B23928CE700326AA3 /* PBXTargetDependency */,
			);
			name = LandmarkRemarkTests;
			productName = LandmarkRemarkTests;
			productReference = B2A9644923928CE700326AA3 /* LandmarkRemarkTests.xctest */;
			productType = "com.apple.product-type.bundle.unit-test";
		};
		B2A9645323928CE700326AA3 /* LandmarkRemarkUITests */ = {
			isa = PBXNativeTarget;
			buildConfigurationList = B2A9646323928CE700326AA3 /* Build configuration list for PBXNativeTarget "LandmarkRemarkUITests" */;
			buildPhases = (
				D2B0F8647EE674EFD62A1AAE /* [CP] Check Pods Manifest.lock */,
				B2A9645023928CE700326AA3 /* Sources */,
				B2A9645123928CE700326AA3 /* Frameworks */,
				B2A9645223928CE700326AA3 /* Resources */,
				ACE45ED4CD22A5A668524890 /* [CP] Embed Pods Frameworks */,
			);
			buildRules = (
			);
			dependencies = (
				B2A9645623928CE700326AA3 /* PBXTargetDependency */,
			);
			name = LandmarkRemarkUITests;
			productName = LandmarkRemarkUITests;
			productReference = B2A9645423928CE700326AA3 /* LandmarkRemarkUITests.xctest */;
			productType = "com.apple.product-type.bundle.ui-testing";
		};
/* End PBXNativeTarget section */

/* Begin PBXProject section */
		B2A9642D23928CE600326AA3 /* Project object */ = {
			isa = PBXProject;
			attributes = {
				LastSwiftUpdateCheck = 1000;
				LastUpgradeCheck = 1000;
				ORGANIZATIONNAME = Parth;
				TargetAttributes = {
					B2A9643423928CE600326AA3 = {
						CreatedOnToolsVersion = 10.0;
					};
					B2A9644823928CE700326AA3 = {
						CreatedOnToolsVersion = 10.0;
						TestTargetID = B2A9643423928CE600326AA3;
					};
					B2A9645323928CE700326AA3 = {
						CreatedOnToolsVersion = 10.0;
						TestTargetID = B2A9643423928CE600326AA3;
					};
				};
			};
			buildConfigurationList = B2A9643023928CE600326AA3 /* Build configuration list for PBXProject "LandmarkRemark" */;
			compatibilityVersion = "Xcode 9.3";
			developmentRegion = en;
			hasScannedForEncodings = 0;
			knownRegions = (
				en,
				Base,
			);
			mainGroup = B2A9642C23928CE600326AA3;
			productRefGroup = B2A9643623928CE600326AA3 /* Products */;
			projectDirPath = "";
			projectRoot = "";
			targets = (
				B2A9643423928CE600326AA3 /* LandmarkRemark */,
				B2A9644823928CE700326AA3 /* LandmarkRemarkTests */,
				B2A9645323928CE700326AA3 /* LandmarkRemarkUITests */,
			);
		};
/* End PBXProject section */

/* Begin PBXResourcesBuildPhase section */
		B2A9643323928CE600326AA3 /* Resources */ = {
			isa = PBXResourcesBuildPhase;
			buildActionMask = 2147483647;
			files = (
				B2E94A5A2393A6A50000B1E3 /* LoginVC.xib in Resources */,
				B2A9644323928CE700326AA3 /* LaunchScreen.storyboard in Resources */,
				B2E23B072392B4B30099628A /* SignUpVC.xib in Resources */,
				B2A964672392977200326AA3 /* GoogleService-Info.plist in Resources */,
				B2A9644023928CE700326AA3 /* Assets.xcassets in Resources */,
				B2E23B032392B4B30099628A /* LandingScreenVC.xib in Resources */,
			);
			runOnlyForDeploymentPostprocessing = 0;
		};
		B2A9644723928CE700326AA3 /* Resources */ = {
			isa = PBXResourcesBuildPhase;
			buildActionMask = 2147483647;
			files = (
			);
			runOnlyForDeploymentPostprocessing = 0;
		};
		B2A9645223928CE700326AA3 /* Resources */ = {
			isa = PBXResourcesBuildPhase;
			buildActionMask = 2147483647;
			files = (
			);
			runOnlyForDeploymentPostprocessing = 0;
		};
/* End PBXResourcesBuildPhase section */

/* Begin PBXShellScriptBuildPhase section */
		2FE4D12A813A1DC1AC38977F /* [CP] Check Pods Manifest.lock */ = {
			isa = PBXShellScriptBuildPhase;
			buildActionMask = 2147483647;
			files = (
			);
			inputFileListPaths = (
			);
			inputPaths = (
				"${PODS_PODFILE_DIR_PATH}/Podfile.lock",
				"${PODS_ROOT}/Manifest.lock",
			);
			name = "[CP] Check Pods Manifest.lock";
			outputFileListPaths = (
			);
			outputPaths = (
				"$(DERIVED_FILE_DIR)/Pods-LandmarkRemarkTests-checkManifestLockResult.txt",
			);
			runOnlyForDeploymentPostprocessing = 0;
			shellPath = /bin/sh;
			shellScript = "diff \"${PODS_PODFILE_DIR_PATH}/Podfile.lock\" \"${PODS_ROOT}/Manifest.lock\" > /dev/null\nif [ $? != 0 ] ; then\n    # print error to STDERR\n    echo \"error: The sandbox is not in sync with the Podfile.lock. Run 'pod install' or update your CocoaPods installation.\" >&2\n    exit 1\nfi\n# This output is used by Xcode 'outputs' to avoid re-running this script phase.\necho \"SUCCESS\" > \"${SCRIPT_OUTPUT_FILE_0}\"\n";
			showEnvVarsInLog = 0;
		};
		98F844B340ABDFF0A146BAAE /* [CP] Embed Pods Frameworks */ = {
			isa = PBXShellScriptBuildPhase;
			buildActionMask = 2147483647;
			files = (
			);
			inputFileListPaths = (
				"${PODS_ROOT}/Target Support Files/Pods-LandmarkRemark/Pods-LandmarkRemark-frameworks-${CONFIGURATION}-input-files.xcfilelist",
			);
			name = "[CP] Embed Pods Frameworks";
			outputFileListPaths = (
				"${PODS_ROOT}/Target Support Files/Pods-LandmarkRemark/Pods-LandmarkRemark-frameworks-${CONFIGURATION}-output-files.xcfilelist",
			);
			runOnlyForDeploymentPostprocessing = 0;
			shellPath = /bin/sh;
			shellScript = "\"${PODS_ROOT}/Target Support Files/Pods-LandmarkRemark/Pods-LandmarkRemark-frameworks.sh\"\n";
			showEnvVarsInLog = 0;
		};
		9A231EE8D4969E1EE6FCBA1C /* [CP] Check Pods Manifest.lock */ = {
			isa = PBXShellScriptBuildPhase;
			buildActionMask = 2147483647;
			files = (
			);
			inputFileListPaths = (
			);
			inputPaths = (
				"${PODS_PODFILE_DIR_PATH}/Podfile.lock",
				"${PODS_ROOT}/Manifest.lock",
			);
			name = "[CP] Check Pods Manifest.lock";
			outputFileListPaths = (
			);
			outputPaths = (
				"$(DERIVED_FILE_DIR)/Pods-LandmarkRemark-checkManifestLockResult.txt",
			);
			runOnlyForDeploymentPostprocessing = 0;
			shellPath = /bin/sh;
			shellScript = "diff \"${PODS_PODFILE_DIR_PATH}/Podfile.lock\" \"${PODS_ROOT}/Manifest.lock\" > /dev/null\nif [ $? != 0 ] ; then\n    # print error to STDERR\n    echo \"error: The sandbox is not in sync with the Podfile.lock. Run 'pod install' or update your CocoaPods installation.\" >&2\n    exit 1\nfi\n# This output is used by Xcode 'outputs' to avoid re-running this script phase.\necho \"SUCCESS\" > \"${SCRIPT_OUTPUT_FILE_0}\"\n";
			showEnvVarsInLog = 0;
		};
		ACE45ED4CD22A5A668524890 /* [CP] Embed Pods Frameworks */ = {
			isa = PBXShellScriptBuildPhase;
			buildActionMask = 2147483647;
			files = (
			);
			inputFileListPaths = (
				"${PODS_ROOT}/Target Support Files/Pods-LandmarkRemark-LandmarkRemarkUITests/Pods-LandmarkRemark-LandmarkRemarkUITests-frameworks-${CONFIGURATION}-input-files.xcfilelist",
			);
			name = "[CP] Embed Pods Frameworks";
			outputFileListPaths = (
				"${PODS_ROOT}/Target Support Files/Pods-LandmarkRemark-LandmarkRemarkUITests/Pods-LandmarkRemark-LandmarkRemarkUITests-frameworks-${CONFIGURATION}-output-files.xcfilelist",
			);
			runOnlyForDeploymentPostprocessing = 0;
			shellPath = /bin/sh;
			shellScript = "\"${PODS_ROOT}/Target Support Files/Pods-LandmarkRemark-LandmarkRemarkUITests/Pods-LandmarkRemark-LandmarkRemarkUITests-frameworks.sh\"\n";
			showEnvVarsInLog = 0;
		};
		D2B0F8647EE674EFD62A1AAE /* [CP] Check Pods Manifest.lock */ = {
			isa = PBXShellScriptBuildPhase;
			buildActionMask = 2147483647;
			files = (
			);
			inputFileListPaths = (
			);
			inputPaths = (
				"${PODS_PODFILE_DIR_PATH}/Podfile.lock",
				"${PODS_ROOT}/Manifest.lock",
			);
			name = "[CP] Check Pods Manifest.lock";
			outputFileListPaths = (
			);
			outputPaths = (
				"$(DERIVED_FILE_DIR)/Pods-LandmarkRemark-LandmarkRemarkUITests-checkManifestLockResult.txt",
			);
			runOnlyForDeploymentPostprocessing = 0;
			shellPath = /bin/sh;
			shellScript = "diff \"${PODS_PODFILE_DIR_PATH}/Podfile.lock\" \"${PODS_ROOT}/Manifest.lock\" > /dev/null\nif [ $? != 0 ] ; then\n    # print error to STDERR\n    echo \"error: The sandbox is not in sync with the Podfile.lock. Run 'pod install' or update your CocoaPods installation.\" >&2\n    exit 1\nfi\n# This output is used by Xcode 'outputs' to avoid re-running this script phase.\necho \"SUCCESS\" > \"${SCRIPT_OUTPUT_FILE_0}\"\n";
			showEnvVarsInLog = 0;
		};
/* End PBXShellScriptBuildPhase section */

/* Begin PBXSourcesBuildPhase section */
		B2A9643123928CE600326AA3 /* Sources */ = {
			isa = PBXSourcesBuildPhase;
			buildActionMask = 2147483647;
			files = (
				B2E94A4F2392BCE40000B1E3 /* Constants.swift in Sources */,
				B2E23B122392B6300099628A /* UIViewControllerExtension.swift in Sources */,
				B28E9FAC2394ECD500D21AD5 /* Utilities+Firestore.swift in Sources */,
				B2E23B042392B4B30099628A /* LandingScreenVC.swift in Sources */,
				B2E23B0F2392B6300099628A /* UIImageExtension.swift in Sources */,
				B2E94A5723939E0B0000B1E3 /* SignUpViewModel.swift in Sources */,
				B2E94A5D2393A7800000B1E3 /* LoginViewModel.swift in Sources */,
				B2E94A5123934D070000B1E3 /* Style.swift in Sources */,
				B2E23B082392B4B30099628A /* SignUpVC.swift in Sources */,
				B2A9643923928CE600326AA3 /* AppDelegate.swift in Sources */,
				B2E94A5B2393A6A50000B1E3 /* LoginVC.swift in Sources */,
				B2E94A4E2392BCE40000B1E3 /* Utilities.swift in Sources */,
				B2E94A5523936D610000B1E3 /* LandingScreenViewModel.swift in Sources */,
				B2E94A5323934FE60000B1E3 /* Style+LandmarkRemark.swift in Sources */,
			);
			runOnlyForDeploymentPostprocessing = 0;
		};
		B2A9644523928CE700326AA3 /* Sources */ = {
			isa = PBXSourcesBuildPhase;
			buildActionMask = 2147483647;
			files = (
				B2A9644E23928CE700326AA3 /* LandmarkRemarkTests.swift in Sources */,
			);
			runOnlyForDeploymentPostprocessing = 0;
		};
		B2A9645023928CE700326AA3 /* Sources */ = {
			isa = PBXSourcesBuildPhase;
			buildActionMask = 2147483647;
			files = (
				B2A9645923928CE700326AA3 /* LandmarkRemarkUITests.swift in Sources */,
			);
			runOnlyForDeploymentPostprocessing = 0;
		};
/* End PBXSourcesBuildPhase section */

/* Begin PBXTargetDependency section */
		B2A9644B23928CE700326AA3 /* PBXTargetDependency */ = {
			isa = PBXTargetDependency;
			target = B2A9643423928CE600326AA3 /* LandmarkRemark */;
			targetProxy = B2A9644A23928CE700326AA3 /* PBXContainerItemProxy */;
		};
		B2A9645623928CE700326AA3 /* PBXTargetDependency */ = {
			isa = PBXTargetDependency;
			target = B2A9643423928CE600326AA3 /* LandmarkRemark */;
			targetProxy = B2A9645523928CE700326AA3 /* PBXContainerItemProxy */;
		};
/* End PBXTargetDependency section */

/* Begin PBXVariantGroup section */
		B2A9644123928CE700326AA3 /* LaunchScreen.storyboard */ = {
			isa = PBXVariantGroup;
			children = (
				B2A9644223928CE700326AA3 /* Base */,
			);
			name = LaunchScreen.storyboard;
			sourceTree = "<group>";
		};
/* End PBXVariantGroup section */

/* Begin XCBuildConfiguration section */
		B2A9645B23928CE700326AA3 /* Debug */ = {
			isa = XCBuildConfiguration;
			buildSettings = {
				ALWAYS_SEARCH_USER_PATHS = NO;
				CLANG_ANALYZER_NONNULL = YES;
				CLANG_ANALYZER_NUMBER_OBJECT_CONVERSION = YES_AGGRESSIVE;
				CLANG_CXX_LANGUAGE_STANDARD = "gnu++14";
				CLANG_CXX_LIBRARY = "libc++";
				CLANG_ENABLE_MODULES = YES;
				CLANG_ENABLE_OBJC_ARC = YES;
				CLANG_ENABLE_OBJC_WEAK = YES;
				CLANG_WARN_BLOCK_CAPTURE_AUTORELEASING = YES;
				CLANG_WARN_BOOL_CONVERSION = YES;
				CLANG_WARN_COMMA = YES;
				CLANG_WARN_CONSTANT_CONVERSION = YES;
				CLANG_WARN_DEPRECATED_OBJC_IMPLEMENTATIONS = YES;
				CLANG_WARN_DIRECT_OBJC_ISA_USAGE = YES_ERROR;
				CLANG_WARN_DOCUMENTATION_COMMENTS = YES;
				CLANG_WARN_EMPTY_BODY = YES;
				CLANG_WARN_ENUM_CONVERSION = YES;
				CLANG_WARN_INFINITE_RECURSION = YES;
				CLANG_WARN_INT_CONVERSION = YES;
				CLANG_WARN_NON_LITERAL_NULL_CONVERSION = YES;
				CLANG_WARN_OBJC_IMPLICIT_RETAIN_SELF = YES;
				CLANG_WARN_OBJC_LITERAL_CONVERSION = YES;
				CLANG_WARN_OBJC_ROOT_CLASS = YES_ERROR;
				CLANG_WARN_RANGE_LOOP_ANALYSIS = YES;
				CLANG_WARN_STRICT_PROTOTYPES = YES;
				CLANG_WARN_SUSPICIOUS_MOVE = YES;
				CLANG_WARN_UNGUARDED_AVAILABILITY = YES_AGGRESSIVE;
				CLANG_WARN_UNREACHABLE_CODE = YES;
				CLANG_WARN__DUPLICATE_METHOD_MATCH = YES;
				CODE_SIGN_IDENTITY = "iPhone Developer";
				COPY_PHASE_STRIP = NO;
				DEBUG_INFORMATION_FORMAT = dwarf;
				ENABLE_STRICT_OBJC_MSGSEND = YES;
				ENABLE_TESTABILITY = YES;
				GCC_C_LANGUAGE_STANDARD = gnu11;
				GCC_DYNAMIC_NO_PIC = NO;
				GCC_NO_COMMON_BLOCKS = YES;
				GCC_OPTIMIZATION_LEVEL = 0;
				GCC_PREPROCESSOR_DEFINITIONS = (
					"DEBUG=1",
					"$(inherited)",
				);
				GCC_WARN_64_TO_32_BIT_CONVERSION = YES;
				GCC_WARN_ABOUT_RETURN_TYPE = YES_ERROR;
				GCC_WARN_UNDECLARED_SELECTOR = YES;
				GCC_WARN_UNINITIALIZED_AUTOS = YES_AGGRESSIVE;
				GCC_WARN_UNUSED_FUNCTION = YES;
				GCC_WARN_UNUSED_VARIABLE = YES;
				IPHONEOS_DEPLOYMENT_TARGET = 12.0;
				MTL_ENABLE_DEBUG_INFO = INCLUDE_SOURCE;
				MTL_FAST_MATH = YES;
				ONLY_ACTIVE_ARCH = YES;
				SDKROOT = iphoneos;
				SWIFT_ACTIVE_COMPILATION_CONDITIONS = DEBUG;
				SWIFT_OPTIMIZATION_LEVEL = "-Onone";
			};
			name = Debug;
		};
		B2A9645C23928CE700326AA3 /* Release */ = {
			isa = XCBuildConfiguration;
			buildSettings = {
				ALWAYS_SEARCH_USER_PATHS = NO;
				CLANG_ANALYZER_NONNULL = YES;
				CLANG_ANALYZER_NUMBER_OBJECT_CONVERSION = YES_AGGRESSIVE;
				CLANG_CXX_LANGUAGE_STANDARD = "gnu++14";
				CLANG_CXX_LIBRARY = "libc++";
				CLANG_ENABLE_MODULES = YES;
				CLANG_ENABLE_OBJC_ARC = YES;
				CLANG_ENABLE_OBJC_WEAK = YES;
				CLANG_WARN_BLOCK_CAPTURE_AUTORELEASING = YES;
				CLANG_WARN_BOOL_CONVERSION = YES;
				CLANG_WARN_COMMA = YES;
				CLANG_WARN_CONSTANT_CONVERSION = YES;
				CLANG_WARN_DEPRECATED_OBJC_IMPLEMENTATIONS = YES;
				CLANG_WARN_DIRECT_OBJC_ISA_USAGE = YES_ERROR;
				CLANG_WARN_DOCUMENTATION_COMMENTS = YES;
				CLANG_WARN_EMPTY_BODY = YES;
				CLANG_WARN_ENUM_CONVERSION = YES;
				CLANG_WARN_INFINITE_RECURSION = YES;
				CLANG_WARN_INT_CONVERSION = YES;
				CLANG_WARN_NON_LITERAL_NULL_CONVERSION = YES;
				CLANG_WARN_OBJC_IMPLICIT_RETAIN_SELF = YES;
				CLANG_WARN_OBJC_LITERAL_CONVERSION = YES;
				CLANG_WARN_OBJC_ROOT_CLASS = YES_ERROR;
				CLANG_WARN_RANGE_LOOP_ANALYSIS = YES;
				CLANG_WARN_STRICT_PROTOTYPES = YES;
				CLANG_WARN_SUSPICIOUS_MOVE = YES;
				CLANG_WARN_UNGUARDED_AVAILABILITY = YES_AGGRESSIVE;
				CLANG_WARN_UNREACHABLE_CODE = YES;
				CLANG_WARN__DUPLICATE_METHOD_MATCH = YES;
				CODE_SIGN_IDENTITY = "iPhone Developer";
				COPY_PHASE_STRIP = NO;
				DEBUG_INFORMATION_FORMAT = "dwarf-with-dsym";
				ENABLE_NS_ASSERTIONS = NO;
				ENABLE_STRICT_OBJC_MSGSEND = YES;
				GCC_C_LANGUAGE_STANDARD = gnu11;
				GCC_NO_COMMON_BLOCKS = YES;
				GCC_WARN_64_TO_32_BIT_CONVERSION = YES;
				GCC_WARN_ABOUT_RETURN_TYPE = YES_ERROR;
				GCC_WARN_UNDECLARED_SELECTOR = YES;
				GCC_WARN_UNINITIALIZED_AUTOS = YES_AGGRESSIVE;
				GCC_WARN_UNUSED_FUNCTION = YES;
				GCC_WARN_UNUSED_VARIABLE = YES;
				IPHONEOS_DEPLOYMENT_TARGET = 12.0;
				MTL_ENABLE_DEBUG_INFO = NO;
				MTL_FAST_MATH = YES;
				SDKROOT = iphoneos;
				SWIFT_COMPILATION_MODE = wholemodule;
				SWIFT_OPTIMIZATION_LEVEL = "-O";
				VALIDATE_PRODUCT = YES;
			};
			name = Release;
		};
		B2A9645E23928CE700326AA3 /* Debug */ = {
			isa = XCBuildConfiguration;
			baseConfigurationReference = F6D75DD28EC8656F766B5BDF /* Pods-LandmarkRemark.debug.xcconfig */;
			buildSettings = {
				ASSETCATALOG_COMPILER_APPICON_NAME = AppIcon;
				CODE_SIGN_STYLE = Automatic;
				INFOPLIST_FILE = LandmarkRemark/Info.plist;
				IPHONEOS_DEPLOYMENT_TARGET = 10.0;
				LD_RUNPATH_SEARCH_PATHS = (
					"$(inherited)",
					"@executable_path/Frameworks",
				);
				PRODUCT_BUNDLE_IDENTIFIER = com.ParthContractor.LandmarkRemark;
				PRODUCT_NAME = "$(TARGET_NAME)";
				SWIFT_VERSION = 4.2;
				TARGETED_DEVICE_FAMILY = "1,2";
			};
			name = Debug;
		};
		B2A9645F23928CE700326AA3 /* Release */ = {
			isa = XCBuildConfiguration;
			baseConfigurationReference = 6287570C1B08A2F68DFC9F7E /* Pods-LandmarkRemark.release.xcconfig */;
			buildSettings = {
				ASSETCATALOG_COMPILER_APPICON_NAME = AppIcon;
				CODE_SIGN_STYLE = Automatic;
				INFOPLIST_FILE = LandmarkRemark/Info.plist;
				IPHONEOS_DEPLOYMENT_TARGET = 10.0;
				LD_RUNPATH_SEARCH_PATHS = (
					"$(inherited)",
					"@executable_path/Frameworks",
				);
				PRODUCT_BUNDLE_IDENTIFIER = com.ParthContractor.LandmarkRemark;
				PRODUCT_NAME = "$(TARGET_NAME)";
				SWIFT_VERSION = 4.2;
				TARGETED_DEVICE_FAMILY = "1,2";
			};
			name = Release;
		};
		B2A9646123928CE700326AA3 /* Debug */ = {
			isa = XCBuildConfiguration;
			baseConfigurationReference = 8BE045918C3366176044153D /* Pods-LandmarkRemarkTests.debug.xcconfig */;
			buildSettings = {
				ALWAYS_EMBED_SWIFT_STANDARD_LIBRARIES = YES;
				BUNDLE_LOADER = "$(TEST_HOST)";
				CODE_SIGN_STYLE = Automatic;
				INFOPLIST_FILE = LandmarkRemarkTests/Info.plist;
				LD_RUNPATH_SEARCH_PATHS = (
					"$(inherited)",
					"@executable_path/Frameworks",
					"@loader_path/Frameworks",
				);
				PRODUCT_BUNDLE_IDENTIFIER = com.ParthContractor.LandmarkRemarkTests;
				PRODUCT_NAME = "$(TARGET_NAME)";
				SWIFT_VERSION = 4.2;
				TARGETED_DEVICE_FAMILY = "1,2";
				TEST_HOST = "$(BUILT_PRODUCTS_DIR)/LandmarkRemark.app/LandmarkRemark";
			};
			name = Debug;
		};
		B2A9646223928CE700326AA3 /* Release */ = {
			isa = XCBuildConfiguration;
			baseConfigurationReference = 97D27FFB637B87FCD11915E8 /* Pods-LandmarkRemarkTests.release.xcconfig */;
			buildSettings = {
				ALWAYS_EMBED_SWIFT_STANDARD_LIBRARIES = YES;
				BUNDLE_LOADER = "$(TEST_HOST)";
				CODE_SIGN_STYLE = Automatic;
				INFOPLIST_FILE = LandmarkRemarkTests/Info.plist;
				LD_RUNPATH_SEARCH_PATHS = (
					"$(inherited)",
					"@executable_path/Frameworks",
					"@loader_path/Frameworks",
				);
				PRODUCT_BUNDLE_IDENTIFIER = com.ParthContractor.LandmarkRemarkTests;
				PRODUCT_NAME = "$(TARGET_NAME)";
				SWIFT_VERSION = 4.2;
				TARGETED_DEVICE_FAMILY = "1,2";
				TEST_HOST = "$(BUILT_PRODUCTS_DIR)/LandmarkRemark.app/LandmarkRemark";
			};
			name = Release;
		};
		B2A9646423928CE700326AA3 /* Debug */ = {
			isa = XCBuildConfiguration;
			baseConfigurationReference = F7E574334C71D3D8F6C9AEA0 /* Pods-LandmarkRemark-LandmarkRemarkUITests.debug.xcconfig */;
			buildSettings = {
				ALWAYS_EMBED_SWIFT_STANDARD_LIBRARIES = YES;
				CODE_SIGN_STYLE = Automatic;
				INFOPLIST_FILE = LandmarkRemarkUITests/Info.plist;
				LD_RUNPATH_SEARCH_PATHS = (
					"$(inherited)",
					"@executable_path/Frameworks",
					"@loader_path/Frameworks",
				);
				PRODUCT_BUNDLE_IDENTIFIER = com.ParthContractor.LandmarkRemarkUITests;
				PRODUCT_NAME = "$(TARGET_NAME)";
				SWIFT_VERSION = 4.2;
				TARGETED_DEVICE_FAMILY = "1,2";
				TEST_TARGET_NAME = LandmarkRemark;
			};
			name = Debug;
		};
		B2A9646523928CE700326AA3 /* Release */ = {
			isa = XCBuildConfiguration;
			baseConfigurationReference = 7B2E70317C65359E58D6AFAD /* Pods-LandmarkRemark-LandmarkRemarkUITests.release.xcconfig */;
			buildSettings = {
				ALWAYS_EMBED_SWIFT_STANDARD_LIBRARIES = YES;
				CODE_SIGN_STYLE = Automatic;
				INFOPLIST_FILE = LandmarkRemarkUITests/Info.plist;
				LD_RUNPATH_SEARCH_PATHS = (
					"$(inherited)",
					"@executable_path/Frameworks",
					"@loader_path/Frameworks",
				);
				PRODUCT_BUNDLE_IDENTIFIER = com.ParthContractor.LandmarkRemarkUITests;
				PRODUCT_NAME = "$(TARGET_NAME)";
				SWIFT_VERSION = 4.2;
				TARGETED_DEVICE_FAMILY = "1,2";
				TEST_TARGET_NAME = LandmarkRemark;
			};
			name = Release;
		};
/* End XCBuildConfiguration section */

/* Begin XCConfigurationList section */
		B2A9643023928CE600326AA3 /* Build configuration list for PBXProject "LandmarkRemark" */ = {
			isa = XCConfigurationList;
			buildConfigurations = (
				B2A9645B23928CE700326AA3 /* Debug */,
				B2A9645C23928CE700326AA3 /* Release */,
			);
			defaultConfigurationIsVisible = 0;
			defaultConfigurationName = Release;
		};
		B2A9645D23928CE700326AA3 /* Build configuration list for PBXNativeTarget "LandmarkRemark" */ = {
			isa = XCConfigurationList;
			buildConfigurations = (
				B2A9645E23928CE700326AA3 /* Debug */,
				B2A9645F23928CE700326AA3 /* Release */,
			);
			defaultConfigurationIsVisible = 0;
			defaultConfigurationName = Release;
		};
		B2A9646023928CE700326AA3 /* Build configuration list for PBXNativeTarget "LandmarkRemarkTests" */ = {
			isa = XCConfigurationList;
			buildConfigurations = (
				B2A9646123928CE700326AA3 /* Debug */,
				B2A9646223928CE700326AA3 /* Release */,
			);
			defaultConfigurationIsVisible = 0;
			defaultConfigurationName = Release;
		};
		B2A9646323928CE700326AA3 /* Build configuration list for PBXNativeTarget "LandmarkRemarkUITests" */ = {
			isa = XCConfigurationList;
			buildConfigurations = (
				B2A9646423928CE700326AA3 /* Debug */,
				B2A9646523928CE700326AA3 /* Release */,
			);
			defaultConfigurationIsVisible = 0;
			defaultConfigurationName = Release;
		};
/* End XCConfigurationList section */
	};
	rootObject = B2A9642D23928CE600326AA3 /* Project object */;
}
